dependencies:
  '@assemblyscript/loader': 0.13.0
devDependencies:
  '@types/node': 14.0.14
  assemblyscript: 0.13.0
  ts-node: 8.10.2_typescript@3.9.5
  typescript: 3.9.5
lockfileVersion: 5.1
packages:
  /@assemblyscript/loader/0.13.0:
    dev: false
    resolution:
      integrity: sha512-Cq4gWmf2ILPy20/h4gawZOcyyM1qcaNdNDqZDuzsci9uk6Kn3Ll6HiTC9lFsG3Ae2MsXOf4zyGgchqIAynGl6w==
  /@types/node/14.0.14:
    dev: true
    resolution:
      integrity: sha512-syUgf67ZQpaJj01/tRTknkMNoBBLWJOBODF0Zm4NrXmiSuxjymFrxnTu1QVYRubhVkRcZLYZG8STTwJRdVm/WQ==
  /arg/4.1.3:
    dev: true
    resolution:
      integrity: sha512-58S9QDqG0Xx27YwPSt9fJxivjYl432YCwfDMfZ+71RAqUrZef7LrKQZ3LHLOwCS4FLNBplP533Zx895SeOCHvA==
  /assemblyscript/0.13.0:
    dependencies:
      binaryen: 93.0.0-nightly.20200609
      long: 4.0.0
    dev: true
    hasBin: true
    resolution:
      integrity: sha512-RH2p9yXt3FFo5oEU5097Lsql41RZeE2W9rfFAJTrvlvadLmq1hgeisPcEyLcN/SCReQG5aHbcXt711y7FPV/9g==
  /binaryen/93.0.0-nightly.20200609:
    dev: true
    hasBin: true
    resolution:
      integrity: sha512-CIaeav05u+fWRN2h1ecwIoSaOF/Mk6U85M/G6eg1nOHAXYYmOuh9TztF9Fu8krRWnl98J3W+VfDClApMV5zCtw==
  /buffer-from/1.1.1:
    dev: true
    resolution:
      integrity: sha512-MQcXEUbCKtEo7bhqEs6560Hyd4XaovZlO/k9V3hjVUF/zwW7KBVdSK4gIt/bzwS9MbR5qob+F5jusZsb0YQK2A==
  /diff/4.0.2:
    dev: true
    engines:
      node: '>=0.3.1'
    resolution:
      integrity: sha512-58lmxKSA4BNyLz+HHMUzlOEpg09FV+ev6ZMe3vJihgdxzgcwZ8VoEEPmALCZG9LmqfVoNMMKpttIYTVG6uDY7A==
  /long/4.0.0:
    dev: true
    resolution:
      integrity: sha512-XsP+KhQif4bjX1kbuSiySJFNAehNxgLb6hPRGJ9QsUr8ajHkuXGdrHmFUTUUXhDwVX2R5bY4JNZEwbUiMhV+MA==
  /make-error/1.3.6:
    dev: true
    resolution:
      integrity: sha512-s8UhlNe7vPKomQhC1qFelMokr/Sc3AgNbso3n74mVPA5LTZwkB9NlXf4XPamLxJE8h0gh73rM94xvwRT2CVInw==
  /source-map-support/0.5.19:
    dependencies:
      buffer-from: 1.1.1
      source-map: 0.6.1
    dev: true
    resolution:
      integrity: sha512-Wonm7zOCIJzBGQdB+thsPar0kYuCIzYvxZwlBa87yi/Mdjv7Tip2cyVbLj5o0cFPN4EVkuTwb3GDDyUx2DGnGw==
  /source-map/0.6.1:
    dev: true
    engines:
      node: '>=0.10.0'
    resolution:
      integrity: sha512-UjgapumWlbMhkBgzT7Ykc5YXUT46F0iKu8SGXq0bcwP5dz/h0Plj6enJqjz1Zbq2l5WaqYnrVbwWOWMyF3F47g==
  /ts-node/8.10.2_typescript@3.9.5:
    dependencies:
      arg: 4.1.3
      diff: 4.0.2
      make-error: 1.3.6
      source-map-support: 0.5.19
      typescript: 3.9.5
      yn: 3.1.1
    dev: true
    engines:
      node: '>=6.0.0'
    hasBin: true
    peerDependencies:
      typescript: '>=2.7'
    resolution:
      integrity: sha512-ISJJGgkIpDdBhWVu3jufsWpK3Rzo7bdiIXJjQc0ynKxVOVcg2oIrf2H2cejminGrptVc6q6/uynAHNCuWGbpVA==
  /typescript/3.9.5:
    dev: true
    engines:
      node: '>=4.2.0'
    hasBin: true
    resolution:
      integrity: sha512-hSAifV3k+i6lEoCJ2k6R2Z/rp/H3+8sdmcn5NrS3/3kE7+RyZXm9aqvxWqjEXHAd8b0pShatpcdMTvEdvAJltQ==
  /yn/3.1.1:
    dev: true
    engines:
      node: '>=6'
    resolution:
      integrity: sha512-Ux4ygGWsu2c7isFWe8Yu1YluJmqVhxqK2cLXNQA5AcC3QfbGNpM7fu0Y8b/z16pXLnFxZYvWhd3fhBY9DLmC6Q==
specifiers:
  '@assemblyscript/loader': ^0.13.0
  '@types/node': '*'
  assemblyscript: ^0.13.0
  ts-node: ^8.10.2
  typescript: ^3.9.5
